
Microsoft Visual Studio Solution File, Format Version 12.00
# Visual Studio Version 17
VisualStudioVersion = 17.8.34330.188
MinimumVisualStudioVersion = 10.0.40219.1
Project("{9A19103F-16F7-4668-BE54-9A1E7A4F7556}") = "Service", "Service\Service.csproj", "{AAF49637-5EAB-4D0F-A3EB-4421456DF709}"
EndProject
Global
	GlobalSection(SolutionConfigurationPlatforms) = preSolution
		Debug|Any CPU = Debug|Any CPU
		Release|Any CPU = Release|Any CPU
	EndGlobalSection
	GlobalSection(ProjectConfigurationPlatforms) = postSolution
		{AAF49637-5EAB-4D0F-A3EB-4421456DF709}.Debug|Any CPU.ActiveCfg = Debug|Any CPU
		{AAF49637-5EAB-4D0F-A3EB-4421456DF709}.Debug|Any CPU.Build.0 = Debug|Any CPU
		{AAF49637-5EAB-4D0F-A3EB-4421456DF709}.Release|Any CPU.ActiveCfg = Release|Any CPU
		{AAF49637-5EAB-4D0F-A3EB-4421456DF709}.Release|Any CPU.Build.0 = Release|Any CPU
	EndGlobalSection
	GlobalSection(SolutionProperties) = preSolution
		HideSolutionNode = FALSE
	EndGlobalSection
	GlobalSection(ExtensibilityGlobals) = postSolution
		SolutionGuid = {AF8B4FE8-1A8C-4189-8A16-BFD216D13047}
	EndGlobalSection
EndGlobal
