
Microsoft Visual Studio Solution File, Format Version 12.00
# Visual Studio Version 16
VisualStudioVersion = 16.0.28711.60
MinimumVisualStudioVersion = 10.0.40219.1
Project("{9A19103F-16F7-4668-BE54-9A1E7A4F7556}") = "Service", "Service\Service.csproj", "{11E9A9F4-9348-402E-8ADF-942F66965D32}"
EndProject
Project("{9A19103F-16F7-4668-BE54-9A1E7A4F7556}") = "Models", "..\Weather\Models\Models.csproj", "{7DE44178-B63E-4CC4-88AE-B322274EDE26}"
EndProject
Global
	GlobalSection(SolutionConfigurationPlatforms) = preSolution
		Debug|Any CPU = Debug|Any CPU
		Release|Any CPU = Release|Any CPU
	EndGlobalSection
	GlobalSection(ProjectConfigurationPlatforms) = postSolution
		{11E9A9F4-9348-402E-8ADF-942F66965D32}.Debug|Any CPU.ActiveCfg = Debug|Any CPU
		{11E9A9F4-9348-402E-8ADF-942F66965D32}.Debug|Any CPU.Build.0 = Debug|Any CPU
		{11E9A9F4-9348-402E-8ADF-942F66965D32}.Release|Any CPU.ActiveCfg = Release|Any CPU
		{11E9A9F4-9348-402E-8ADF-942F66965D32}.Release|Any CPU.Build.0 = Release|Any CPU
		{7DE44178-B63E-4CC4-88AE-B322274EDE26}.Debug|Any CPU.ActiveCfg = Debug|Any CPU
		{7DE44178-B63E-4CC4-88AE-B322274EDE26}.Debug|Any CPU.Build.0 = Debug|Any CPU
		{7DE44178-B63E-4CC4-88AE-B322274EDE26}.Release|Any CPU.ActiveCfg = Release|Any CPU
		{7DE44178-B63E-4CC4-88AE-B322274EDE26}.Release|Any CPU.Build.0 = Release|Any CPU
	EndGlobalSection
	GlobalSection(SolutionProperties) = preSolution
		HideSolutionNode = FALSE
	EndGlobalSection
	GlobalSection(ExtensibilityGlobals) = postSolution
		SolutionGuid = {3A02B8D9-C20F-42A8-BEFD-F67E6BF56F16}
	EndGlobalSection
EndGlobal
